github.com/mjm/graphql-go v0.0.0-20200213070811-48021cabfccf h1:uFZvCeM6RutHugCbyVQc5GHyTOVYn7KMb4OOR5niMQg=
github.com/mjm/graphql-go v0.0.0-20200213070811-48021cabfccf/go.mod h1:lCfwAeiY8b8ojOYT1hUEDZuLYYxh9/fWBus6vGri2Y0=
github.com/opentracing/opentracing-go v1.1.0 h1:pWlfV3Bxv7k65HYwkikxat0+s3pV4bsqf19k25Ur8rU=
github.com/opentracing/opentracing-go v1.1.0/go.mod h1:UkNAQd3GIcIGf0SeVgPpRdFStlNbqXla1AfSYxPUl2o=
